PODS:
  - MGActionStageSwift/ActionStageSwift (0.0.5)
  - MGActionStageSwift/MGActionStageSwift_Extension (0.0.5):
    - MGActionStageSwift/ActionStageSwift
  - Nimble (8.0.2)
  - Quick (2.1.0)

DEPENDENCIES:
  - MGActionStageSwift/MGActionStageSwift_Extension (from `../`)
  - Nimble
  - Quick

SPEC REPOS:
  https://github.com/cocoapods/specs.git:
    - Nimble
    - Quick

EXTERNAL SOURCES:
  MGActionStageSwift:
    :path: "../"

SPEC CHECKSUMS:
  MGActionStageSwift: 2832531fd5b5815e4b48ed1904cf1de446617d59
  Nimble: 622629381bda1dd5678162f21f1368cec7cbba60
  Quick: 4be43f6634acfa727dd106bdf3929ce125ffa79d

PODFILE CHECKSUM: 85a02b6fe36c6c4936f36aa37d00e18119db8a20

COCOAPODS: 1.5.3
